<?xml version="1.0" encoding="utf-8"?>
<Project ToolsVersion="4.0" xmlns="http://schemas.microsoft.com/developer/msbuild/2003">
  <ItemGroup>
    <Filter Include="源文件">
      <UniqueIdentifier>{4FC737F1-C7A5-4376-A066-2A32D752A2FF}</UniqueIdentifier>
      <Extensions>cpp;c;cc;cxx;def;odl;idl;hpj;bat;asm;asmx</Extensions>
    </Filter>
    <Filter Include="头文件">
      <UniqueIdentifier>{93995380-89BD-4b04-88EB-625FBE52EBFB}</UniqueIdentifier>
      <Extensions>h;hpp;hxx;hm;inl;inc;xsd</Extensions>
    </Filter>
    <Filter Include="资源文件">
      <UniqueIdentifier>{67DA6AB6-F800-4c08-8B7A-83BB121AAD01}</UniqueIdentifier>
      <Extensions>rc;ico;cur;bmp;dlg;rc2;rct;bin;rgs;gif;jpg;jpeg;jpe;resx;tiff;tif;png;wav;mfcribbon-ms</Extensions>
    </Filter>
  </ItemGroup>
  <ItemGroup>
    <ClCompile Include="源.cpp">
      <Filter>源文件</Filter>
    </ClCompile>
  </ItemGroup>
  <ItemGroup>
    <ClInclude Include="GUSSIANmodel.h">
      <Filter>头文件</Filter>
    </ClInclude>
    <ClInclude Include="GDgetmodel.h">
      <Filter>头文件</Filter>
    </ClInclude>
    <ClInclude Include="GUSSIANdelta.h">
      <Filter>头文件</Filter>
    </ClInclude>
    <ClInclude Include="MatOUT.h">
      <Filter>头文件</Filter>
    </ClInclude>
    <ClInclude Include="DeltaOUT.h">
      <Filter>头文件</Filter>
    </ClInclude>
    <ClInclude Include="searchpoint.h">
      <Filter>头文件</Filter>
    </ClInclude>
    <ClInclude Include="SearchOUT.h">
      <Filter>头文件</Filter>
    </ClInclude>
    <ClInclude Include="cvmat_mat.h">
      <Filter>头文件</Filter>
    </ClInclude>
    <ClInclude Include="imgpyrup.h">
      <Filter>头文件</Filter>
    </ClInclude>
    <ClInclude Include="fixpoint.h">
      <Filter>头文件</Filter>
    </ClInclude>
    <ClInclude Include="deletepoint.h">
      <Filter>头文件</Filter>
    </ClInclude>
    <ClInclude Include="SIFT.h">
      <Filter>头文件</Filter>
    </ClInclude>
    <ClInclude Include="O_distance.h">
      <Filter>头文件</Filter>
    </ClInclude>
    <ClInclude Include="mul_img.h">
      <Filter>头文件</Filter>
    </ClInclude>
    <ClInclude Include="histo_cir.h">
      <Filter>头文件</Filter>
    </ClInclude>
    <ClInclude Include="FIXmatch.h">
      <Filter>头文件</Filter>
    </ClInclude>
    <ClInclude Include="his.h">
      <Filter>头文件</Filter>
    </ClInclude>
  </ItemGroup>
</Project>